
Microsoft Visual Studio Solution File, Format Version 12.00
# Visual Studio Version 17
VisualStudioVersion = 17.10.35013.160
MinimumVisualStudioVersion = 10.0.40219.1
Project("{FAE04EC0-301F-11D3-BF4B-00C04F79EFBC}") = "MovieDatabaseApp", "MovieDatabaseApp\MovieDatabaseApp.csproj", "{C9CE0176-05F7-4B47-82B4-A8BD32065F26}"
EndProject
Global
	GlobalSection(SolutionConfigurationPlatforms) = preSolution
		Debug|Any CPU = Debug|Any CPU
		Release|Any CPU = Release|Any CPU
	EndGlobalSection
	GlobalSection(ProjectConfigurationPlatforms) = postSolution
		{C9CE0176-05F7-4B47-82B4-A8BD32065F26}.Debug|Any CPU.ActiveCfg = Debug|Any CPU
		{C9CE0176-05F7-4B47-82B4-A8BD32065F26}.Debug|Any CPU.Build.0 = Debug|Any CPU
		{C9CE0176-05F7-4B47-82B4-A8BD32065F26}.Release|Any CPU.ActiveCfg = Release|Any CPU
		{C9CE0176-05F7-4B47-82B4-A8BD32065F26}.Release|Any CPU.Build.0 = Release|Any CPU
	EndGlobalSection
	GlobalSection(SolutionProperties) = preSolution
		HideSolutionNode = FALSE
	EndGlobalSection
	GlobalSection(ExtensibilityGlobals) = postSolution
		SolutionGuid = {0A4454D7-54F9-47CD-878A-1B6BCD8B162D}
	EndGlobalSection
EndGlobal
